
Microsoft Visual Studio Solution File, Format Version 12.00
# Visual Studio Version 16
VisualStudioVersion = 16.0.32228.343
MinimumVisualStudioVersion = 10.0.40219.1
Project("{FAE04EC0-301F-11D3-BF4B-00C04F79EFBC}") = "CasoPract3_SWConnBD", "CasoPract3_SWConnBD\CasoPract3_SWConnBD.csproj", "{AF5AB291-3560-4367-BF80-078B65DD678C}"
EndProject
Global
	GlobalSection(SolutionConfigurationPlatforms) = preSolution
		Debug|Any CPU = Debug|Any CPU
		Release|Any CPU = Release|Any CPU
	EndGlobalSection
	GlobalSection(ProjectConfigurationPlatforms) = postSolution
		{AF5AB291-3560-4367-BF80-078B65DD678C}.Debug|Any CPU.ActiveCfg = Debug|Any CPU
		{AF5AB291-3560-4367-BF80-078B65DD678C}.Debug|Any CPU.Build.0 = Debug|Any CPU
		{AF5AB291-3560-4367-BF80-078B65DD678C}.Release|Any CPU.ActiveCfg = Release|Any CPU
		{AF5AB291-3560-4367-BF80-078B65DD678C}.Release|Any CPU.Build.0 = Release|Any CPU
	EndGlobalSection
	GlobalSection(SolutionProperties) = preSolution
		HideSolutionNode = FALSE
	EndGlobalSection
	GlobalSection(ExtensibilityGlobals) = postSolution
		SolutionGuid = {6BA63405-FC1B-400A-94E5-98D5868B9431}
	EndGlobalSection
EndGlobal
